// !$*UTF8*$!
{
	archiveVersion = 1;
	classes = {
	};
	objectVersion = 56;
	objects = {

/* Begin PBXBuildFile section */
		3E03C6302A14B3CC0099ACA3 /* SimilaritySearchKit in Frameworks */ = {isa = PBXBuildFile; productRef = 3E03C62F2A14B3CC0099ACA3 /* SimilaritySearchKit */; };
		3E03C6322A14B3CC0099ACA3 /* SimilaritySearchKitDistilbert in Frameworks */ = {isa = PBXBuildFile; productRef = 3E03C6312A14B3CC0099ACA3 /* SimilaritySearchKitDistilbert */; };
		3E03C6342A14B3CC0099ACA3 /* SimilaritySearchKitMiniLMAll in Frameworks */ = {isa = PBXBuildFile; productRef = 3E03C6332A14B3CC0099ACA3 /* SimilaritySearchKitMiniLMAll */; };
		3E03C6362A14B3CC0099ACA3 /* SimilaritySearchKitMiniLMMultiQA in Frameworks */ = {isa = PBXBuildFile; productRef = 3E03C6352A14B3CC0099ACA3 /* SimilaritySearchKitMiniLMMultiQA */; };
		3E03C63F2A14B4420099ACA3 /* BERT.swift in Sources */ = {isa = PBXBuildFile; fileRef = 3E03C6382A14B4410099ACA3 /* BERT.swift */; };
		3E03C6402A14B4420099ACA3 /* BERTInput.swift in Sources */ = {isa = PBXBuildFile; fileRef = 3E03C6392A14B4410099ACA3 /* BERTInput.swift */; };
		3E03C6412A14B4420099ACA3 /* BERTQAFP16.mlmodel in Sources */ = {isa = PBXBuildFile; fileRef = 3E03C63A2A14B4410099ACA3 /* BERTQAFP16.mlmodel */; };
		3E03C6422A14B4420099ACA3 /* bert-base-uncased-vocab.txt in Resources */ = {isa = PBXBuildFile; fileRef = 3E03C63B2A14B4410099ACA3 /* bert-base-uncased-vocab.txt */; };
		3E03C6432A14B4420099ACA3 /* BERTOutput.swift in Sources */ = {isa = PBXBuildFile; fileRef = 3E03C63C2A14B4410099ACA3 /* BERTOutput.swift */; };
		3E03C6442A14B4420099ACA3 /* BERTVocabulary.swift in Sources */ = {isa = PBXBuildFile; fileRef = 3E03C63D2A14B4410099ACA3 /* BERTVocabulary.swift */; };
		3E03C6452A14B4420099ACA3 /* TokenizedString.swift in Sources */ = {isa = PBXBuildFile; fileRef = 3E03C63E2A14B4410099ACA3 /* TokenizedString.swift */; };
		3ED754702A11E1BC003072A1 /* Assets.xcassets in Resources */ = {isa = PBXBuildFile; fileRef = 3ED7546F2A11E1BC003072A1 /* Assets.xcassets */; };
		3ED754732A11E1BC003072A1 /* Preview Assets.xcassets in Resources */ = {isa = PBXBuildFile; fileRef = 3ED754722A11E1BC003072A1 /* Preview Assets.xcassets */; };
		3ED7547D2A11E1BD003072A1 /* ATLASTests.swift in Sources */ = {isa = PBXBuildFile; fileRef = 3ED7547C2A11E1BD003072A1 /* ATLASTests.swift */; };
		3ED754872A11E1BD003072A1 /* ATLASUITests.swift in Sources */ = {isa = PBXBuildFile; fileRef = 3ED754862A11E1BD003072A1 /* ATLASUITests.swift */; };
		3ED754892A11E1BD003072A1 /* ATLASUITestsLaunchTests.swift in Sources */ = {isa = PBXBuildFile; fileRef = 3ED754882A11E1BD003072A1 /* ATLASUITestsLaunchTests.swift */; };
		C5F9C81A2A1487870076396F /* ATLASApp.swift in Sources */ = {isa = PBXBuildFile; fileRef = C5F9C8192A1487870076396F /* ATLASApp.swift */; };
		C5F9C81C2A14878D0076396F /* ContentView.swift in Sources */ = {isa = PBXBuildFile; fileRef = C5F9C81B2A14878D0076396F /* ContentView.swift */; };
		C5F9C81E2A14F3E00076396F /* customClasses.swift in Sources */ = {isa = PBXBuildFile; fileRef = C5F9C81D2A14F3E00076396F /* customClasses.swift */; };
/* End PBXBuildFile section */

/* Begin PBXContainerItemProxy section */
		3ED754792A11E1BD003072A1 /* PBXContainerItemProxy */ = {
			isa = PBXContainerItemProxy;
			containerPortal = 3ED754602A11E1BA003072A1 /* Project object */;
			proxyType = 1;
			remoteGlobalIDString = 3ED754672A11E1BA003072A1;
			remoteInfo = ATLAS;
		};
		3ED754832A11E1BD003072A1 /* PBXContainerItemProxy */ = {
			isa = PBXContainerItemProxy;
			containerPortal = 3ED754602A11E1BA003072A1 /* Project object */;
			proxyType = 1;
			remoteGlobalIDString = 3ED754672A11E1BA003072A1;
			remoteInfo = ATLAS;
		};
/* End PBXContainerItemProxy section */

/* Begin PBXFileReference section */
		3E03C6382A14B4410099ACA3 /* BERT.swift */ = {isa = PBXFileReference; fileEncoding = 4; lastKnownFileType = sourcecode.swift; path = BERT.swift; sourceTree = "<group>"; };
		3E03C6392A14B4410099ACA3 /* BERTInput.swift */ = {isa = PBXFileReference; fileEncoding = 4; lastKnownFileType = sourcecode.swift; path = BERTInput.swift; sourceTree = "<group>"; };
		3E03C63A2A14B4410099ACA3 /* BERTQAFP16.mlmodel */ = {isa = PBXFileReference; lastKnownFileType = file.mlmodel; path = BERTQAFP16.mlmodel; sourceTree = "<group>"; };
		3E03C63B2A14B4410099ACA3 /* bert-base-uncased-vocab.txt */ = {isa = PBXFileReference; fileEncoding = 4; lastKnownFileType = text; path = "bert-base-uncased-vocab.txt"; sourceTree = "<group>"; };
		3E03C63C2A14B4410099ACA3 /* BERTOutput.swift */ = {isa = PBXFileReference; fileEncoding = 4; lastKnownFileType = sourcecode.swift; path = BERTOutput.swift; sourceTree = "<group>"; };
		3E03C63D2A14B4410099ACA3 /* BERTVocabulary.swift */ = {isa = PBXFileReference; fileEncoding = 4; lastKnownFileType = sourcecode.swift; path = BERTVocabulary.swift; sourceTree = "<group>"; };
		3E03C63E2A14B4410099ACA3 /* TokenizedString.swift */ = {isa = PBXFileReference; fileEncoding = 4; lastKnownFileType = sourcecode.swift; path = TokenizedString.swift; sourceTree = "<group>"; };
		3ED754682A11E1BA003072A1 /* ATLAS.app */ = {isa = PBXFileReference; explicitFileType = wrapper.application; includeInIndex = 0; path = ATLAS.app; sourceTree = BUILT_PRODUCTS_DIR; };
		3ED7546F2A11E1BC003072A1 /* Assets.xcassets */ = {isa = PBXFileReference; lastKnownFileType = folder.assetcatalog; path = Assets.xcassets; sourceTree = "<group>"; };
		3ED754722A11E1BC003072A1 /* Preview Assets.xcassets */ = {isa = PBXFileReference; lastKnownFileType = folder.assetcatalog; path = "Preview Assets.xcassets"; sourceTree = "<group>"; };
		3ED754782A11E1BD003072A1 /* ATLASTests.xctest */ = {isa = PBXFileReference; explicitFileType = wrapper.cfbundle; includeInIndex = 0; path = ATLASTests.xctest; sourceTree = BUILT_PRODUCTS_DIR; };
		3ED7547C2A11E1BD003072A1 /* ATLASTests.swift */ = {isa = PBXFileReference; lastKnownFileType = sourcecode.swift; path = ATLASTests.swift; sourceTree = "<group>"; };
		3ED754822A11E1BD003072A1 /* ATLASUITests.xctest */ = {isa = PBXFileReference; explicitFileType = wrapper.cfbundle; includeInIndex = 0; path = ATLASUITests.xctest; sourceTree = BUILT_PRODUCTS_DIR; };
		3ED754862A11E1BD003072A1 /* ATLASUITests.swift */ = {isa = PBXFileReference; lastKnownFileType = sourcecode.swift; path = ATLASUITests.swift; sourceTree = "<group>"; };
		3ED754882A11E1BD003072A1 /* ATLASUITestsLaunchTests.swift */ = {isa = PBXFileReference; lastKnownFileType = sourcecode.swift; path = ATLASUITestsLaunchTests.swift; sourceTree = "<group>"; };
		C5F9C8192A1487870076396F /* ATLASApp.swift */ = {isa = PBXFileReference; lastKnownFileType = sourcecode.swift; path = ATLASApp.swift; sourceTree = "<group>"; };
		C5F9C81B2A14878D0076396F /* ContentView.swift */ = {isa = PBXFileReference; lastKnownFileType = sourcecode.swift; path = ContentView.swift; sourceTree = "<group>"; };
		C5F9C81D2A14F3E00076396F /* customClasses.swift */ = {isa = PBXFileReference; lastKnownFileType = sourcecode.swift; path = customClasses.swift; sourceTree = "<group>"; };
/* End PBXFileReference section */

/* Begin PBXFrameworksBuildPhase section */
		3ED754652A11E1BA003072A1 /* Frameworks */ = {
			isa = PBXFrameworksBuildPhase;
			buildActionMask = 2147483647;
			files = (
				3E03C6362A14B3CC0099ACA3 /* SimilaritySearchKitMiniLMMultiQA in Frameworks */,
				3E03C6342A14B3CC0099ACA3 /* SimilaritySearchKitMiniLMAll in Frameworks */,
				3E03C6322A14B3CC0099ACA3 /* SimilaritySearchKitDistilbert in Frameworks */,
				3E03C6302A14B3CC0099ACA3 /* SimilaritySearchKit in Frameworks */,
			);
			runOnlyForDeploymentPostprocessing = 0;
		};
		3ED754752A11E1BD003072A1 /* Frameworks */ = {
			isa = PBXFrameworksBuildPhase;
			buildActionMask = 2147483647;
			files = (
			);
			runOnlyForDeploymentPostprocessing = 0;
		};
		3ED7547F2A11E1BD003072A1 /* Frameworks */ = {
			isa = PBXFrameworksBuildPhase;
			buildActionMask = 2147483647;
			files = (
			);
			runOnlyForDeploymentPostprocessing = 0;
		};
/* End PBXFrameworksBuildPhase section */

/* Begin PBXGroup section */
		3E03C6372A14B4410099ACA3 /* Model */ = {
			isa = PBXGroup;
			children = (
				3E03C6382A14B4410099ACA3 /* BERT.swift */,
				3E03C6392A14B4410099ACA3 /* BERTInput.swift */,
				3E03C63A2A14B4410099ACA3 /* BERTQAFP16.mlmodel */,
				3E03C63B2A14B4410099ACA3 /* bert-base-uncased-vocab.txt */,
				3E03C63C2A14B4410099ACA3 /* BERTOutput.swift */,
				3E03C63D2A14B4410099ACA3 /* BERTVocabulary.swift */,
				3E03C63E2A14B4410099ACA3 /* TokenizedString.swift */,
			);
			path = Model;
			sourceTree = "<group>";
		};
		3ED7545F2A11E1BA003072A1 = {
			isa = PBXGroup;
			children = (
				3ED7546A2A11E1BA003072A1 /* ATLAS */,
				3ED7547B2A11E1BD003072A1 /* ATLASTests */,
				3ED754852A11E1BD003072A1 /* ATLASUITests */,
				3ED754692A11E1BA003072A1 /* Products */,
			);
			sourceTree = "<group>";
		};
		3ED754692A11E1BA003072A1 /* Products */ = {
			isa = PBXGroup;
			children = (
				3ED754682A11E1BA003072A1 /* ATLAS.app */,
				3ED754782A11E1BD003072A1 /* ATLASTests.xctest */,
				3ED754822A11E1BD003072A1 /* ATLASUITests.xctest */,
			);
			name = Products;
			sourceTree = "<group>";
		};
		3ED7546A2A11E1BA003072A1 /* ATLAS */ = {
			isa = PBXGroup;
			children = (
				3E03C6372A14B4410099ACA3 /* Model */,
				C5F9C8192A1487870076396F /* ATLASApp.swift */,
				C5F9C81B2A14878D0076396F /* ContentView.swift */,
				3ED7546F2A11E1BC003072A1 /* Assets.xcassets */,
				3ED754712A11E1BC003072A1 /* Preview Content */,
				C5F9C81D2A14F3E00076396F /* customClasses.swift */,
			);
			path = ATLAS;
			sourceTree = "<group>";
		};
		3ED754712A11E1BC003072A1 /* Preview Content */ = {
			isa = PBXGroup;
			children = (
				3ED754722A11E1BC003072A1 /* Preview Assets.xcassets */,
			);
			path = "Preview Content";
			sourceTree = "<group>";
		};
		3ED7547B2A11E1BD003072A1 /* ATLASTests */ = {
			isa = PBXGroup;
			children = (
				3ED7547C2A11E1BD003072A1 /* ATLASTests.swift */,
			);
			path = ATLASTests;
			sourceTree = "<group>";
		};
		3ED754852A11E1BD003072A1 /* ATLASUITests */ = {
			isa = PBXGroup;
			children = (
				3ED754862A11E1BD003072A1 /* ATLASUITests.swift */,
				3ED754882A11E1BD003072A1 /* ATLASUITestsLaunchTests.swift */,
			);
			path = ATLASUITests;
			sourceTree = "<group>";
		};
/* End PBXGroup section */

/* Begin PBXNativeTarget section */
		3ED754672A11E1BA003072A1 /* ATLAS */ = {
			isa = PBXNativeTarget;
			buildConfigurationList = 3ED7548C2A11E1BD003072A1 /* Build configuration list for PBXNativeTarget "ATLAS" */;
			buildPhases = (
				3ED754642A11E1BA003072A1 /* Sources */,
				3ED754652A11E1BA003072A1 /* Frameworks */,
				3ED754662A11E1BA003072A1 /* Resources */,
			);
			buildRules = (
			);
			dependencies = (
			);
			name = ATLAS;
			packageProductDependencies = (
				3E03C62F2A14B3CC0099ACA3 /* SimilaritySearchKit */,
				3E03C6312A14B3CC0099ACA3 /* SimilaritySearchKitDistilbert */,
				3E03C6332A14B3CC0099ACA3 /* SimilaritySearchKitMiniLMAll */,
				3E03C6352A14B3CC0099ACA3 /* SimilaritySearchKitMiniLMMultiQA */,
			);
			productName = ATLAS;
			productReference = 3ED754682A11E1BA003072A1 /* ATLAS.app */;
			productType = "com.apple.product-type.application";
		};
		3ED754772A11E1BD003072A1 /* ATLASTests */ = {
			isa = PBXNativeTarget;
			buildConfigurationList = 3ED7548F2A11E1BD003072A1 /* Build configuration list for PBXNativeTarget "ATLASTests" */;
			buildPhases = (
				3ED754742A11E1BD003072A1 /* Sources */,
				3ED754752A11E1BD003072A1 /* Frameworks */,
				3ED754762A11E1BD003072A1 /* Resources */,
			);
			buildRules = (
			);
			dependencies = (
				3ED7547A2A11E1BD003072A1 /* PBXTargetDependency */,
			);
			name = ATLASTests;
			productName = ATLASTests;
			productReference = 3ED754782A11E1BD003072A1 /* ATLASTests.xctest */;
			productType = "com.apple.product-type.bundle.unit-test";
		};
		3ED754812A11E1BD003072A1 /* ATLASUITests */ = {
			isa = PBXNativeTarget;
			buildConfigurationList = 3ED754922A11E1BD003072A1 /* Build configuration list for PBXNativeTarget "ATLASUITests" */;
			buildPhases = (
				3ED7547E2A11E1BD003072A1 /* Sources */,
				3ED7547F2A11E1BD003072A1 /* Frameworks */,
				3ED754802A11E1BD003072A1 /* Resources */,
			);
			buildRules = (
			);
			dependencies = (
				3ED754842A11E1BD003072A1 /* PBXTargetDependency */,
			);
			name = ATLASUITests;
			productName = ATLASUITests;
			productReference = 3ED754822A11E1BD003072A1 /* ATLASUITests.xctest */;
			productType = "com.apple.product-type.bundle.ui-testing";
		};
/* End PBXNativeTarget section */

/* Begin PBXProject section */
		3ED754602A11E1BA003072A1 /* Project object */ = {
			isa = PBXProject;
			attributes = {
				BuildIndependentTargetsInParallel = 1;
				LastSwiftUpdateCheck = 1420;
				LastUpgradeCheck = 1420;
				TargetAttributes = {
					3ED754672A11E1BA003072A1 = {
						CreatedOnToolsVersion = 14.2;
					};
					3ED754772A11E1BD003072A1 = {
						CreatedOnToolsVersion = 14.2;
						TestTargetID = 3ED754672A11E1BA003072A1;
					};
					3ED754812A11E1BD003072A1 = {
						CreatedOnToolsVersion = 14.2;
						TestTargetID = 3ED754672A11E1BA003072A1;
					};
				};
			};
			buildConfigurationList = 3ED754632A11E1BA003072A1 /* Build configuration list for PBXProject "ATLAS" */;
			compatibilityVersion = "Xcode 14.0";
			developmentRegion = en;
			hasScannedForEncodings = 0;
			knownRegions = (
				en,
				Base,
			);
			mainGroup = 3ED7545F2A11E1BA003072A1;
			packageReferences = (
				3E03C62E2A14B3CC0099ACA3 /* XCRemoteSwiftPackageReference "similarity-search-kit" */,
			);
			productRefGroup = 3ED754692A11E1BA003072A1 /* Products */;
			projectDirPath = "";
			projectRoot = "";
			targets = (
				3ED754672A11E1BA003072A1 /* ATLAS */,
				3ED754772A11E1BD003072A1 /* ATLASTests */,
				3ED754812A11E1BD003072A1 /* ATLASUITests */,
			);
		};
/* End PBXProject section */

/* Begin PBXResourcesBuildPhase section */
		3ED754662A11E1BA003072A1 /* Resources */ = {
			isa = PBXResourcesBuildPhase;
			buildActionMask = 2147483647;
			files = (
				3ED754732A11E1BC003072A1 /* Preview Assets.xcassets in Resources */,
				3ED754702A11E1BC003072A1 /* Assets.xcassets in Resources */,
				3E03C6422A14B4420099ACA3 /* bert-base-uncased-vocab.txt in Resources */,
			);
			runOnlyForDeploymentPostprocessing = 0;
		};
		3ED754762A11E1BD003072A1 /* Resources */ = {
			isa = PBXResourcesBuildPhase;
			buildActionMask = 2147483647;
			files = (
			);
			runOnlyForDeploymentPostprocessing = 0;
		};
		3ED754802A11E1BD003072A1 /* Resources */ = {
			isa = PBXResourcesBuildPhase;
			buildActionMask = 2147483647;
			files = (
			);
			runOnlyForDeploymentPostprocessing = 0;
		};
/* End PBXResourcesBuildPhase section */

/* Begin PBXSourcesBuildPhase section */
		3ED754642A11E1BA003072A1 /* Sources */ = {
			isa = PBXSourcesBuildPhase;
			buildActionMask = 2147483647;
			files = (
				C5F9C81C2A14878D0076396F /* ContentView.swift in Sources */,
				3E03C6432A14B4420099ACA3 /* BERTOutput.swift in Sources */,
				3E03C6412A14B4420099ACA3 /* BERTQAFP16.mlmodel in Sources */,
				3E03C63F2A14B4420099ACA3 /* BERT.swift in Sources */,
				3E03C6452A14B4420099ACA3 /* TokenizedString.swift in Sources */,
				3E03C6442A14B4420099ACA3 /* BERTVocabulary.swift in Sources */,
				C5F9C81E2A14F3E00076396F /* customClasses.swift in Sources */,
				C5F9C81A2A1487870076396F /* ATLASApp.swift in Sources */,
				3E03C6402A14B4420099ACA3 /* BERTInput.swift in Sources */,
			);
			runOnlyForDeploymentPostprocessing = 0;
		};
		3ED754742A11E1BD003072A1 /* Sources */ = {
			isa = PBXSourcesBuildPhase;
			buildActionMask = 2147483647;
			files = (
				3ED7547D2A11E1BD003072A1 /* ATLASTests.swift in Sources */,
			);
			runOnlyForDeploymentPostprocessing = 0;
		};
		3ED7547E2A11E1BD003072A1 /* Sources */ = {
			isa = PBXSourcesBuildPhase;
			buildActionMask = 2147483647;
			files = (
				3ED754892A11E1BD003072A1 /* ATLASUITestsLaunchTests.swift in Sources */,
				3ED754872A11E1BD003072A1 /* ATLASUITests.swift in Sources */,
			);
			runOnlyForDeploymentPostprocessing = 0;
		};
/* End PBXSourcesBuildPhase section */

/* Begin PBXTargetDependency section */
		3ED7547A2A11E1BD003072A1 /* PBXTargetDependency */ = {
			isa = PBXTargetDependency;
			target = 3ED754672A11E1BA003072A1 /* ATLAS */;
			targetProxy = 3ED754792A11E1BD003072A1 /* PBXContainerItemProxy */;
		};
		3ED754842A11E1BD003072A1 /* PBXTargetDependency */ = {
			isa = PBXTargetDependency;
			target = 3ED754672A11E1BA003072A1 /* ATLAS */;
			targetProxy = 3ED754832A11E1BD003072A1 /* PBXContainerItemProxy */;
		};
/* End PBXTargetDependency section */

/* Begin XCBuildConfiguration section */
		3ED7548A2A11E1BD003072A1 /* Debug */ = {
			isa = XCBuildConfiguration;
			buildSettings = {
				ALWAYS_SEARCH_USER_PATHS = NO;
				CLANG_ANALYZER_NONNULL = YES;
				CLANG_ANALYZER_NUMBER_OBJECT_CONVERSION = YES_AGGRESSIVE;
				CLANG_CXX_LANGUAGE_STANDARD = "gnu++20";
				CLANG_ENABLE_MODULES = YES;
				CLANG_ENABLE_OBJC_ARC = YES;
				CLANG_ENABLE_OBJC_WEAK = YES;
				CLANG_WARN_BLOCK_CAPTURE_AUTORELEASING = YES;
				CLANG_WARN_BOOL_CONVERSION = YES;
				CLANG_WARN_COMMA = YES;
				CLANG_WARN_CONSTANT_CONVERSION = YES;
				CLANG_WARN_DEPRECATED_OBJC_IMPLEMENTATIONS = YES;
				CLANG_WARN_DIRECT_OBJC_ISA_USAGE = YES_ERROR;
				CLANG_WARN_DOCUMENTATION_COMMENTS = YES;
				CLANG_WARN_EMPTY_BODY = YES;
				CLANG_WARN_ENUM_CONVERSION = YES;
				CLANG_WARN_INFINITE_RECURSION = YES;
				CLANG_WARN_INT_CONVERSION = YES;
				CLANG_WARN_NON_LITERAL_NULL_CONVERSION = YES;
				CLANG_WARN_OBJC_IMPLICIT_RETAIN_SELF = YES;
				CLANG_WARN_OBJC_LITERAL_CONVERSION = YES;
				CLANG_WARN_OBJC_ROOT_CLASS = YES_ERROR;
				CLANG_WARN_QUOTED_INCLUDE_IN_FRAMEWORK_HEADER = YES;
				CLANG_WARN_RANGE_LOOP_ANALYSIS = YES;
				CLANG_WARN_STRICT_PROTOTYPES = YES;
				CLANG_WARN_SUSPICIOUS_MOVE = YES;
				CLANG_WARN_UNGUARDED_AVAILABILITY = YES_AGGRESSIVE;
				CLANG_WARN_UNREACHABLE_CODE = YES;
				CLANG_WARN__DUPLICATE_METHOD_MATCH = YES;
				COPY_PHASE_STRIP = NO;
				DEBUG_INFORMATION_FORMAT = dwarf;
				ENABLE_STRICT_OBJC_MSGSEND = YES;
				ENABLE_TESTABILITY = YES;
				GCC_C_LANGUAGE_STANDARD = gnu11;
				GCC_DYNAMIC_NO_PIC = NO;
				GCC_NO_COMMON_BLOCKS = YES;
				GCC_OPTIMIZATION_LEVEL = 0;
				GCC_PREPROCESSOR_DEFINITIONS = (
					"DEBUG=1",
					"$(inherited)",
				);
				GCC_WARN_64_TO_32_BIT_CONVERSION = YES;
				GCC_WARN_ABOUT_RETURN_TYPE = YES_ERROR;
				GCC_WARN_UNDECLARED_SELECTOR = YES;
				GCC_WARN_UNINITIALIZED_AUTOS = YES_AGGRESSIVE;
				GCC_WARN_UNUSED_FUNCTION = YES;
				GCC_WARN_UNUSED_VARIABLE = YES;
				IPHONEOS_DEPLOYMENT_TARGET = 16.2;
				MTL_ENABLE_DEBUG_INFO = INCLUDE_SOURCE;
				MTL_FAST_MATH = YES;
				ONLY_ACTIVE_ARCH = YES;
				SDKROOT = iphoneos;
				SWIFT_ACTIVE_COMPILATION_CONDITIONS = DEBUG;
				SWIFT_OPTIMIZATION_LEVEL = "-Onone";
			};
			name = Debug;
		};
		3ED7548B2A11E1BD003072A1 /* Release */ = {
			isa = XCBuildConfiguration;
			buildSettings = {
				ALWAYS_SEARCH_USER_PATHS = NO;
				CLANG_ANALYZER_NONNULL = YES;
				CLANG_ANALYZER_NUMBER_OBJECT_CONVERSION = YES_AGGRESSIVE;
				CLANG_CXX_LANGUAGE_STANDARD = "gnu++20";
				CLANG_ENABLE_MODULES = YES;
				CLANG_ENABLE_OBJC_ARC = YES;
				CLANG_ENABLE_OBJC_WEAK = YES;
				CLANG_WARN_BLOCK_CAPTURE_AUTORELEASING = YES;
				CLANG_WARN_BOOL_CONVERSION = YES;
				CLANG_WARN_COMMA = YES;
				CLANG_WARN_CONSTANT_CONVERSION = YES;
				CLANG_WARN_DEPRECATED_OBJC_IMPLEMENTATIONS = YES;
				CLANG_WARN_DIRECT_OBJC_ISA_USAGE = YES_ERROR;
				CLANG_WARN_DOCUMENTATION_COMMENTS = YES;
				CLANG_WARN_EMPTY_BODY = YES;
				CLANG_WARN_ENUM_CONVERSION = YES;
				CLANG_WARN_INFINITE_RECURSION = YES;
				CLANG_WARN_INT_CONVERSION = YES;
				CLANG_WARN_NON_LITERAL_NULL_CONVERSION = YES;
				CLANG_WARN_OBJC_IMPLICIT_RETAIN_SELF = YES;
				CLANG_WARN_OBJC_LITERAL_CONVERSION = YES;
				CLANG_WARN_OBJC_ROOT_CLASS = YES_ERROR;
				CLANG_WARN_QUOTED_INCLUDE_IN_FRAMEWORK_HEADER = YES;
				CLANG_WARN_RANGE_LOOP_ANALYSIS = YES;
				CLANG_WARN_STRICT_PROTOTYPES = YES;
				CLANG_WARN_SUSPICIOUS_MOVE = YES;
				CLANG_WARN_UNGUARDED_AVAILABILITY = YES_AGGRESSIVE;
				CLANG_WARN_UNREACHABLE_CODE = YES;
				CLANG_WARN__DUPLICATE_METHOD_MATCH = YES;
				COPY_PHASE_STRIP = NO;
				DEBUG_INFORMATION_FORMAT = "dwarf-with-dsym";
				ENABLE_NS_ASSERTIONS = NO;
				ENABLE_STRICT_OBJC_MSGSEND = YES;
				GCC_C_LANGUAGE_STANDARD = gnu11;
				GCC_NO_COMMON_BLOCKS = YES;
				GCC_WARN_64_TO_32_BIT_CONVERSION = YES;
				GCC_WARN_ABOUT_RETURN_TYPE = YES_ERROR;
				GCC_WARN_UNDECLARED_SELECTOR = YES;
				GCC_WARN_UNINITIALIZED_AUTOS = YES_AGGRESSIVE;
				GCC_WARN_UNUSED_FUNCTION = YES;
				GCC_WARN_UNUSED_VARIABLE = YES;
				IPHONEOS_DEPLOYMENT_TARGET = 16.2;
				MTL_ENABLE_DEBUG_INFO = NO;
				MTL_FAST_MATH = YES;
				SDKROOT = iphoneos;
				SWIFT_COMPILATION_MODE = wholemodule;
				SWIFT_OPTIMIZATION_LEVEL = "-O";
				VALIDATE_PRODUCT = YES;
			};
			name = Release;
		};
		3ED7548D2A11E1BD003072A1 /* Debug */ = {
			isa = XCBuildConfiguration;
			buildSettings = {
				ASSETCATALOG_COMPILER_APPICON_NAME = AppIcon;
				ASSETCATALOG_COMPILER_GLOBAL_ACCENT_COLOR_NAME = AccentColor;
				CODE_SIGN_STYLE = Automatic;
				CURRENT_PROJECT_VERSION = 1;
				DEVELOPMENT_ASSET_PATHS = "\"ATLAS/Preview Content\"";
				ENABLE_PREVIEWS = YES;
				GENERATE_INFOPLIST_FILE = YES;
				INFOPLIST_KEY_UIApplicationSceneManifest_Generation = YES;
				INFOPLIST_KEY_UIApplicationSupportsIndirectInputEvents = YES;
				INFOPLIST_KEY_UILaunchScreen_Generation = YES;
				INFOPLIST_KEY_UISupportedInterfaceOrientations_iPad = "UIInterfaceOrientationPortrait UIInterfaceOrientationPortraitUpsideDown UIInterfaceOrientationLandscapeLeft UIInterfaceOrientationLandscapeRight";
				INFOPLIST_KEY_UISupportedInterfaceOrientations_iPhone = "UIInterfaceOrientationPortrait UIInterfaceOrientationLandscapeLeft UIInterfaceOrientationLandscapeRight";
				LD_RUNPATH_SEARCH_PATHS = (
					"$(inherited)",
					"@executable_path/Frameworks",
				);
				MARKETING_VERSION = 1.0;
				PRODUCT_BUNDLE_IDENTIFIER = com.ios.atlas.ATLAS;
				PRODUCT_NAME = "$(TARGET_NAME)";
				SWIFT_EMIT_LOC_STRINGS = YES;
				SWIFT_VERSION = 5.0;
				TARGETED_DEVICE_FAMILY = "1,2";
			};
			name = Debug;
		};
		3ED7548E2A11E1BD003072A1 /* Release */ = {
			isa = XCBuildConfiguration;
			buildSettings = {
				ASSETCATALOG_COMPILER_APPICON_NAME = AppIcon;
				ASSETCATALOG_COMPILER_GLOBAL_ACCENT_COLOR_NAME = AccentColor;
				CODE_SIGN_STYLE = Automatic;
				CURRENT_PROJECT_VERSION = 1;
				DEVELOPMENT_ASSET_PATHS = "\"ATLAS/Preview Content\"";
				ENABLE_PREVIEWS = YES;
				GENERATE_INFOPLIST_FILE = YES;
				INFOPLIST_KEY_UIApplicationSceneManifest_Generation = YES;
				INFOPLIST_KEY_UIApplicationSupportsIndirectInputEvents = YES;
				INFOPLIST_KEY_UILaunchScreen_Generation = YES;
				INFOPLIST_KEY_UISupportedInterfaceOrientations_iPad = "UIInterfaceOrientationPortrait UIInterfaceOrientationPortraitUpsideDown UIInterfaceOrientationLandscapeLeft UIInterfaceOrientationLandscapeRight";
				INFOPLIST_KEY_UISupportedInterfaceOrientations_iPhone = "UIInterfaceOrientationPortrait UIInterfaceOrientationLandscapeLeft UIInterfaceOrientationLandscapeRight";
				LD_RUNPATH_SEARCH_PATHS = (
					"$(inherited)",
					"@executable_path/Frameworks",
				);
				MARKETING_VERSION = 1.0;
				PRODUCT_BUNDLE_IDENTIFIER = com.ios.atlas.ATLAS;
				PRODUCT_NAME = "$(TARGET_NAME)";
				SWIFT_EMIT_LOC_STRINGS = YES;
				SWIFT_VERSION = 5.0;
				TARGETED_DEVICE_FAMILY = "1,2";
			};
			name = Release;
		};
		3ED754902A11E1BD003072A1 /* Debug */ = {
			isa = XCBuildConfiguration;
			buildSettings = {
				ALWAYS_EMBED_SWIFT_STANDARD_LIBRARIES = YES;
				BUNDLE_LOADER = "$(TEST_HOST)";
				CODE_SIGN_STYLE = Automatic;
				CURRENT_PROJECT_VERSION = 1;
				GENERATE_INFOPLIST_FILE = YES;
				IPHONEOS_DEPLOYMENT_TARGET = 16.2;
				MARKETING_VERSION = 1.0;
				PRODUCT_BUNDLE_IDENTIFIER = com.ios.atlas.ATLASTests;
				PRODUCT_NAME = "$(TARGET_NAME)";
				SWIFT_EMIT_LOC_STRINGS = NO;
				SWIFT_VERSION = 5.0;
				TARGETED_DEVICE_FAMILY = "1,2";
				TEST_HOST = "$(BUILT_PRODUCTS_DIR)/ATLAS.app/$(BUNDLE_EXECUTABLE_FOLDER_PATH)/ATLAS";
			};
			name = Debug;
		};
		3ED754912A11E1BD003072A1 /* Release */ = {
			isa = XCBuildConfiguration;
			buildSettings = {
				ALWAYS_EMBED_SWIFT_STANDARD_LIBRARIES = YES;
				BUNDLE_LOADER = "$(TEST_HOST)";
				CODE_SIGN_STYLE = Automatic;
				CURRENT_PROJECT_VERSION = 1;
				GENERATE_INFOPLIST_FILE = YES;
				IPHONEOS_DEPLOYMENT_TARGET = 16.2;
				MARKETING_VERSION = 1.0;
				PRODUCT_BUNDLE_IDENTIFIER = com.ios.atlas.ATLASTests;
				PRODUCT_NAME = "$(TARGET_NAME)";
				SWIFT_EMIT_LOC_STRINGS = NO;
				SWIFT_VERSION = 5.0;
				TARGETED_DEVICE_FAMILY = "1,2";
				TEST_HOST = "$(BUILT_PRODUCTS_DIR)/ATLAS.app/$(BUNDLE_EXECUTABLE_FOLDER_PATH)/ATLAS";
			};
			name = Release;
		};
		3ED754932A11E1BD003072A1 /* Debug */ = {
			isa = XCBuildConfiguration;
			buildSettings = {
				ALWAYS_EMBED_SWIFT_STANDARD_LIBRARIES = YES;
				CODE_SIGN_STYLE = Automatic;
				CURRENT_PROJECT_VERSION = 1;
				GENERATE_INFOPLIST_FILE = YES;
				MARKETING_VERSION = 1.0;
				PRODUCT_BUNDLE_IDENTIFIER = com.ios.atlas.ATLASUITests;
				PRODUCT_NAME = "$(TARGET_NAME)";
				SWIFT_EMIT_LOC_STRINGS = NO;
				SWIFT_VERSION = 5.0;
				TARGETED_DEVICE_FAMILY = "1,2";
				TEST_TARGET_NAME = ATLAS;
			};
			name = Debug;
		};
		3ED754942A11E1BD003072A1 /* Release */ = {
			isa = XCBuildConfiguration;
			buildSettings = {
				ALWAYS_EMBED_SWIFT_STANDARD_LIBRARIES = YES;
				CODE_SIGN_STYLE = Automatic;
				CURRENT_PROJECT_VERSION = 1;
				GENERATE_INFOPLIST_FILE = YES;
				MARKETING_VERSION = 1.0;
				PRODUCT_BUNDLE_IDENTIFIER = com.ios.atlas.ATLASUITests;
				PRODUCT_NAME = "$(TARGET_NAME)";
				SWIFT_EMIT_LOC_STRINGS = NO;
				SWIFT_VERSION = 5.0;
				TARGETED_DEVICE_FAMILY = "1,2";
				TEST_TARGET_NAME = ATLAS;
			};
			name = Release;
		};
/* End XCBuildConfiguration section */

/* Begin XCConfigurationList section */
		3ED754632A11E1BA003072A1 /* Build configuration list for PBXProject "ATLAS" */ = {
			isa = XCConfigurationList;
			buildConfigurations = (
				3ED7548A2A11E1BD003072A1 /* Debug */,
				3ED7548B2A11E1BD003072A1 /* Release */,
			);
			defaultConfigurationIsVisible = 0;
			defaultConfigurationName = Release;
		};
		3ED7548C2A11E1BD003072A1 /* Build configuration list for PBXNativeTarget "ATLAS" */ = {
			isa = XCConfigurationList;
			buildConfigurations = (
				3ED7548D2A11E1BD003072A1 /* Debug */,
				3ED7548E2A11E1BD003072A1 /* Release */,
			);
			defaultConfigurationIsVisible = 0;
			defaultConfigurationName = Release;
		};
		3ED7548F2A11E1BD003072A1 /* Build configuration list for PBXNativeTarget "ATLASTests" */ = {
			isa = XCConfigurationList;
			buildConfigurations = (
				3ED754902A11E1BD003072A1 /* Debug */,
				3ED754912A11E1BD003072A1 /* Release */,
			);
			defaultConfigurationIsVisible = 0;
			defaultConfigurationName = Release;
		};
		3ED754922A11E1BD003072A1 /* Build configuration list for PBXNativeTarget "ATLASUITests" */ = {
			isa = XCConfigurationList;
			buildConfigurations = (
				3ED754932A11E1BD003072A1 /* Debug */,
				3ED754942A11E1BD003072A1 /* Release */,
			);
			defaultConfigurationIsVisible = 0;
			defaultConfigurationName = Release;
		};
/* End XCConfigurationList section */

/* Begin XCRemoteSwiftPackageReference section */
		3E03C62E2A14B3CC0099ACA3 /* XCRemoteSwiftPackageReference "similarity-search-kit" */ = {
			isa = XCRemoteSwiftPackageReference;
			repositoryURL = "https://github.com/ZachNagengast/similarity-search-kit.git";
			requirement = {
				branch = main;
				kind = branch;
			};
		};
/* End XCRemoteSwiftPackageReference section */

/* Begin XCSwiftPackageProductDependency section */
		3E03C62F2A14B3CC0099ACA3 /* SimilaritySearchKit */ = {
			isa = XCSwiftPackageProductDependency;
			package = 3E03C62E2A14B3CC0099ACA3 /* XCRemoteSwiftPackageReference "similarity-search-kit" */;
			productName = SimilaritySearchKit;
		};
		3E03C6312A14B3CC0099ACA3 /* SimilaritySearchKitDistilbert */ = {
			isa = XCSwiftPackageProductDependency;
			package = 3E03C62E2A14B3CC0099ACA3 /* XCRemoteSwiftPackageReference "similarity-search-kit" */;
			productName = SimilaritySearchKitDistilbert;
		};
		3E03C6332A14B3CC0099ACA3 /* SimilaritySearchKitMiniLMAll */ = {
			isa = XCSwiftPackageProductDependency;
			package = 3E03C62E2A14B3CC0099ACA3 /* XCRemoteSwiftPackageReference "similarity-search-kit" */;
			productName = SimilaritySearchKitMiniLMAll;
		};
		3E03C6352A14B3CC0099ACA3 /* SimilaritySearchKitMiniLMMultiQA */ = {
			isa = XCSwiftPackageProductDependency;
			package = 3E03C62E2A14B3CC0099ACA3 /* XCRemoteSwiftPackageReference "similarity-search-kit" */;
			productName = SimilaritySearchKitMiniLMMultiQA;
		};
/* End XCSwiftPackageProductDependency section */
	};
	rootObject = 3ED754602A11E1BA003072A1 /* Project object */;
}
